// !$*UTF8*$!
{
	archiveVersion = 1;
	classes = {
	};
	objectVersion = 56;
	objects = {

/* Begin PBXBuildFile section */
		D98C555D2C6B507F0078A80E /* RingSizeMeasurementApp.swift in Sources */ = {isa = PBXBuildFile; fileRef = D98C555C2C6B507F0078A80E /* RingSizeMeasurementApp.swift */; };
		D98C555F2C6B507F0078A80E /* RingSizeMeasurementView.swift in Sources */ = {isa = PBXBuildFile; fileRef = D98C555E2C6B507F0078A80E /* RingSizeMeasurementView.swift */; };
		D98C55642C6B50800078A80E /* Preview Assets.xcassets in Resources */ = {isa = PBXBuildFile; fileRef = D98C55632C6B50800078A80E /* Preview Assets.xcassets */; };
		D98C55752C6B80340078A80E /* RingSizeMeasurementViewModel.swift in Sources */ = {isa = PBXBuildFile; fileRef = D98C55742C6B80340078A80E /* RingSizeMeasurementViewModel.swift */; };
		D98C55772C6B88E10078A80E /* JSONResponse.json in Resources */ = {isa = PBXBuildFile; fileRef = D98C55762C6B88E10078A80E /* JSONResponse.json */; };
		D98C557A2C6B958B0078A80E /* RingMeasurementModel.swift in Sources */ = {isa = PBXBuildFile; fileRef = D98C55792C6B958B0078A80E /* RingMeasurementModel.swift */; };
		D98C557C2C6B9A8D0078A80E /* Tab.swift in Sources */ = {isa = PBXBuildFile; fileRef = D98C557B2C6B9A8D0078A80E /* Tab.swift */; };
		D98C557E2C6C8A480078A80E /* CircleWithArrows.swift in Sources */ = {isa = PBXBuildFile; fileRef = D98C557D2C6C8A480078A80E /* CircleWithArrows.swift */; };
		D98C55802C6C9E6D0078A80E /* CircleView.swift in Sources */ = {isa = PBXBuildFile; fileRef = D98C557F2C6C9E6D0078A80E /* CircleView.swift */; };
		D98C55832C6CBC1D0078A80E /* Assets.xcassets in Resources */ = {isa = PBXBuildFile; fileRef = D98C55822C6CBC1D0078A80E /* Assets.xcassets */; };
		D98C55862C6D25AA0078A80E /* FingerMeasurementView.swift in Sources */ = {isa = PBXBuildFile; fileRef = D98C55852C6D25AA0078A80E /* FingerMeasurementView.swift */; };
		D98C55882C6D28630078A80E /* DiameterMeasurementView.swift in Sources */ = {isa = PBXBuildFile; fileRef = D98C55872C6D28630078A80E /* DiameterMeasurementView.swift */; };
/* End PBXBuildFile section */

/* Begin PBXFileReference section */
		D98C55592C6B507F0078A80E /* RingSizeMeasurement.app */ = {isa = PBXFileReference; explicitFileType = wrapper.application; includeInIndex = 0; path = RingSizeMeasurement.app; sourceTree = BUILT_PRODUCTS_DIR; };
		D98C555C2C6B507F0078A80E /* RingSizeMeasurementApp.swift */ = {isa = PBXFileReference; lastKnownFileType = sourcecode.swift; path = RingSizeMeasurementApp.swift; sourceTree = "<group>"; };
		D98C555E2C6B507F0078A80E /* RingSizeMeasurementView.swift */ = {isa = PBXFileReference; lastKnownFileType = sourcecode.swift; path = RingSizeMeasurementView.swift; sourceTree = "<group>"; };
		D98C55632C6B50800078A80E /* Preview Assets.xcassets */ = {isa = PBXFileReference; lastKnownFileType = folder.assetcatalog; path = "Preview Assets.xcassets"; sourceTree = "<group>"; };
		D98C55742C6B80340078A80E /* RingSizeMeasurementViewModel.swift */ = {isa = PBXFileReference; lastKnownFileType = sourcecode.swift; path = RingSizeMeasurementViewModel.swift; sourceTree = "<group>"; };
		D98C55762C6B88E10078A80E /* JSONResponse.json */ = {isa = PBXFileReference; lastKnownFileType = text.json; path = JSONResponse.json; sourceTree = "<group>"; };
		D98C55792C6B958B0078A80E /* RingMeasurementModel.swift */ = {isa = PBXFileReference; lastKnownFileType = sourcecode.swift; path = RingMeasurementModel.swift; sourceTree = "<group>"; };
		D98C557B2C6B9A8D0078A80E /* Tab.swift */ = {isa = PBXFileReference; lastKnownFileType = sourcecode.swift; path = Tab.swift; sourceTree = "<group>"; };
		D98C557D2C6C8A480078A80E /* CircleWithArrows.swift */ = {isa = PBXFileReference; lastKnownFileType = sourcecode.swift; path = CircleWithArrows.swift; sourceTree = "<group>"; };
		D98C557F2C6C9E6D0078A80E /* CircleView.swift */ = {isa = PBXFileReference; lastKnownFileType = sourcecode.swift; path = CircleView.swift; sourceTree = "<group>"; };
		D98C55822C6CBC1D0078A80E /* Assets.xcassets */ = {isa = PBXFileReference; lastKnownFileType = folder.assetcatalog; path = Assets.xcassets; sourceTree = "<group>"; };
		D98C55852C6D25AA0078A80E /* FingerMeasurementView.swift */ = {isa = PBXFileReference; lastKnownFileType = sourcecode.swift; path = FingerMeasurementView.swift; sourceTree = "<group>"; };
		D98C55872C6D28630078A80E /* DiameterMeasurementView.swift */ = {isa = PBXFileReference; lastKnownFileType = sourcecode.swift; path = DiameterMeasurementView.swift; sourceTree = "<group>"; };
/* End PBXFileReference section */

/* Begin PBXFrameworksBuildPhase section */
		D98C55562C6B507F0078A80E /* Frameworks */ = {
			isa = PBXFrameworksBuildPhase;
			buildActionMask = 2147483647;
			files = (
			);
			runOnlyForDeploymentPostprocessing = 0;
		};
/* End PBXFrameworksBuildPhase section */

/* Begin PBXGroup section */
		D98C55502C6B507F0078A80E = {
			isa = PBXGroup;
			children = (
				D98C555B2C6B507F0078A80E /* RingSizeMeasurement */,
				D98C555A2C6B507F0078A80E /* Products */,
			);
			sourceTree = "<group>";
		};
		D98C555A2C6B507F0078A80E /* Products */ = {
			isa = PBXGroup;
			children = (
				D98C55592C6B507F0078A80E /* RingSizeMeasurement.app */,
			);
			name = Products;
			sourceTree = "<group>";
		};
		D98C555B2C6B507F0078A80E /* RingSizeMeasurement */ = {
			isa = PBXGroup;
			children = (
				D98C55712C6B7FF30078A80E /* App */,
				D98C55782C6B956B0078A80E /* Model */,
				D98C55722C6B7FFB0078A80E /* View */,
				D98C55732C6B80140078A80E /* ViewModel */,
				D98C55842C6CBC400078A80E /* SupportingFiles */,
				D98C55622C6B50800078A80E /* Preview Content */,
			);
			path = RingSizeMeasurement;
			sourceTree = "<group>";
		};
		D98C55622C6B50800078A80E /* Preview Content */ = {
			isa = PBXGroup;
			children = (
				D98C55632C6B50800078A80E /* Preview Assets.xcassets */,
			);
			path = "Preview Content";
			sourceTree = "<group>";
		};
		D98C55712C6B7FF30078A80E /* App */ = {
			isa = PBXGroup;
			children = (
				D98C555C2C6B507F0078A80E /* RingSizeMeasurementApp.swift */,
			);
			path = App;
			sourceTree = "<group>";
		};
		D98C55722C6B7FFB0078A80E /* View */ = {
			isa = PBXGroup;
			children = (
				D98C555E2C6B507F0078A80E /* RingSizeMeasurementView.swift */,
				D98C55812C6CA7AF0078A80E /* SubViews */,
			);
			path = View;
			sourceTree = "<group>";
		};
		D98C55732C6B80140078A80E /* ViewModel */ = {
			isa = PBXGroup;
			children = (
				D98C55742C6B80340078A80E /* RingSizeMeasurementViewModel.swift */,
			);
			path = ViewModel;
			sourceTree = "<group>";
		};
		D98C55782C6B956B0078A80E /* Model */ = {
			isa = PBXGroup;
			children = (
				D98C55792C6B958B0078A80E /* RingMeasurementModel.swift */,
				D98C557B2C6B9A8D0078A80E /* Tab.swift */,
			);
			path = Model;
			sourceTree = "<group>";
		};
		D98C55812C6CA7AF0078A80E /* SubViews */ = {
			isa = PBXGroup;
			children = (
				D98C557D2C6C8A480078A80E /* CircleWithArrows.swift */,
				D98C557F2C6C9E6D0078A80E /* CircleView.swift */,
				D98C55852C6D25AA0078A80E /* FingerMeasurementView.swift */,
				D98C55872C6D28630078A80E /* DiameterMeasurementView.swift */,
			);
			path = SubViews;
			sourceTree = "<group>";
		};
		D98C55842C6CBC400078A80E /* SupportingFiles */ = {
			isa = PBXGroup;
			children = (
				D98C55762C6B88E10078A80E /* JSONResponse.json */,
				D98C55822C6CBC1D0078A80E /* Assets.xcassets */,
			);
			path = SupportingFiles;
			sourceTree = "<group>";
		};
/* End PBXGroup section */

/* Begin PBXNativeTarget section */
		D98C55582C6B507F0078A80E /* RingSizeMeasurement */ = {
			isa = PBXNativeTarget;
			buildConfigurationList = D98C55672C6B50800078A80E /* Build configuration list for PBXNativeTarget "RingSizeMeasurement" */;
			buildPhases = (
				D98C55552C6B507F0078A80E /* Sources */,
				D98C55562C6B507F0078A80E /* Frameworks */,
				D98C55572C6B507F0078A80E /* Resources */,
			);
			buildRules = (
			);
			dependencies = (
			);
			name = RingSizeMeasurement;
			productName = RingSizeMeasurement;
			productReference = D98C55592C6B507F0078A80E /* RingSizeMeasurement.app */;
			productType = "com.apple.product-type.application";
		};
/* End PBXNativeTarget section */

/* Begin PBXProject section */
		D98C55512C6B507F0078A80E /* Project object */ = {
			isa = PBXProject;
			attributes = {
				BuildIndependentTargetsInParallel = 1;
				LastSwiftUpdateCheck = 1540;
				LastUpgradeCheck = 1540;
				TargetAttributes = {
					D98C55582C6B507F0078A80E = {
						CreatedOnToolsVersion = 15.4;
					};
				};
			};
			buildConfigurationList = D98C55542C6B507F0078A80E /* Build configuration list for PBXProject "RingSizeMeasurement" */;
			compatibilityVersion = "Xcode 14.0";
			developmentRegion = en;
			hasScannedForEncodings = 0;
			knownRegions = (
				en,
				Base,
			);
			mainGroup = D98C55502C6B507F0078A80E;
			productRefGroup = D98C555A2C6B507F0078A80E /* Products */;
			projectDirPath = "";
			projectRoot = "";
			targets = (
				D98C55582C6B507F0078A80E /* RingSizeMeasurement */,
			);
		};
/* End PBXProject section */

/* Begin PBXResourcesBuildPhase section */
		D98C55572C6B507F0078A80E /* Resources */ = {
			isa = PBXResourcesBuildPhase;
			buildActionMask = 2147483647;
			files = (
				D98C55642C6B50800078A80E /* Preview Assets.xcassets in Resources */,
				D98C55832C6CBC1D0078A80E /* Assets.xcassets in Resources */,
				D98C55772C6B88E10078A80E /* JSONResponse.json in Resources */,
			);
			runOnlyForDeploymentPostprocessing = 0;
		};
/* End PBXResourcesBuildPhase section */

/* Begin PBXSourcesBuildPhase section */
		D98C55552C6B507F0078A80E /* Sources */ = {
			isa = PBXSourcesBuildPhase;
			buildActionMask = 2147483647;
			files = (
				D98C557A2C6B958B0078A80E /* RingMeasurementModel.swift in Sources */,
				D98C555F2C6B507F0078A80E /* RingSizeMeasurementView.swift in Sources */,
				D98C55882C6D28630078A80E /* DiameterMeasurementView.swift in Sources */,
				D98C557C2C6B9A8D0078A80E /* Tab.swift in Sources */,
				D98C557E2C6C8A480078A80E /* CircleWithArrows.swift in Sources */,
				D98C55862C6D25AA0078A80E /* FingerMeasurementView.swift in Sources */,
				D98C555D2C6B507F0078A80E /* RingSizeMeasurementApp.swift in Sources */,
				D98C55802C6C9E6D0078A80E /* CircleView.swift in Sources */,
				D98C55752C6B80340078A80E /* RingSizeMeasurementViewModel.swift in Sources */,
			);
			runOnlyForDeploymentPostprocessing = 0;
		};
/* End PBXSourcesBuildPhase section */

/* Begin XCBuildConfiguration section */
		D98C55652C6B50800078A80E /* Debug */ = {
			isa = XCBuildConfiguration;
			buildSettings = {
				ALWAYS_SEARCH_USER_PATHS = NO;
				ASSETCATALOG_COMPILER_GENERATE_SWIFT_ASSET_SYMBOL_EXTENSIONS = YES;
				CLANG_ANALYZER_NONNULL = YES;
				CLANG_ANALYZER_NUMBER_OBJECT_CONVERSION = YES_AGGRESSIVE;
				CLANG_CXX_LANGUAGE_STANDARD = "gnu++20";
				CLANG_ENABLE_MODULES = YES;
				CLANG_ENABLE_OBJC_ARC = YES;
				CLANG_ENABLE_OBJC_WEAK = YES;
				CLANG_WARN_BLOCK_CAPTURE_AUTORELEASING = YES;
				CLANG_WARN_BOOL_CONVERSION = YES;
				CLANG_WARN_COMMA = YES;
				CLANG_WARN_CONSTANT_CONVERSION = YES;
				CLANG_WARN_DEPRECATED_OBJC_IMPLEMENTATIONS = YES;
				CLANG_WARN_DIRECT_OBJC_ISA_USAGE = YES_ERROR;
				CLANG_WARN_DOCUMENTATION_COMMENTS = YES;
				CLANG_WARN_EMPTY_BODY = YES;
				CLANG_WARN_ENUM_CONVERSION = YES;
				CLANG_WARN_INFINITE_RECURSION = YES;
				CLANG_WARN_INT_CONVERSION = YES;
				CLANG_WARN_NON_LITERAL_NULL_CONVERSION = YES;
				CLANG_WARN_OBJC_IMPLICIT_RETAIN_SELF = YES;
				CLANG_WARN_OBJC_LITERAL_CONVERSION = YES;
				CLANG_WARN_OBJC_ROOT_CLASS = YES_ERROR;
				CLANG_WARN_QUOTED_INCLUDE_IN_FRAMEWORK_HEADER = YES;
				CLANG_WARN_RANGE_LOOP_ANALYSIS = YES;
				CLANG_WARN_STRICT_PROTOTYPES = YES;
				CLANG_WARN_SUSPICIOUS_MOVE = YES;
				CLANG_WARN_UNGUARDED_AVAILABILITY = YES_AGGRESSIVE;
				CLANG_WARN_UNREACHABLE_CODE = YES;
				CLANG_WARN__DUPLICATE_METHOD_MATCH = YES;
				COPY_PHASE_STRIP = NO;
				DEBUG_INFORMATION_FORMAT = dwarf;
				ENABLE_STRICT_OBJC_MSGSEND = YES;
				ENABLE_TESTABILITY = YES;
				ENABLE_USER_SCRIPT_SANDBOXING = YES;
				GCC_C_LANGUAGE_STANDARD = gnu17;
				GCC_DYNAMIC_NO_PIC = NO;
				GCC_NO_COMMON_BLOCKS = YES;
				GCC_OPTIMIZATION_LEVEL = 0;
				GCC_PREPROCESSOR_DEFINITIONS = (
					"DEBUG=1",
					"$(inherited)",
				);
				GCC_WARN_64_TO_32_BIT_CONVERSION = YES;
				GCC_WARN_ABOUT_RETURN_TYPE = YES_ERROR;
				GCC_WARN_UNDECLARED_SELECTOR = YES;
				GCC_WARN_UNINITIALIZED_AUTOS = YES_AGGRESSIVE;
				GCC_WARN_UNUSED_FUNCTION = YES;
				GCC_WARN_UNUSED_VARIABLE = YES;
				IPHONEOS_DEPLOYMENT_TARGET = 17.5;
				LOCALIZATION_PREFERS_STRING_CATALOGS = YES;
				MTL_ENABLE_DEBUG_INFO = INCLUDE_SOURCE;
				MTL_FAST_MATH = YES;
				ONLY_ACTIVE_ARCH = YES;
				SDKROOT = iphoneos;
				SWIFT_ACTIVE_COMPILATION_CONDITIONS = "DEBUG $(inherited)";
				SWIFT_OPTIMIZATION_LEVEL = "-Onone";
			};
			name = Debug;
		};
		D98C55662C6B50800078A80E /* Release */ = {
			isa = XCBuildConfiguration;
			buildSettings = {
				ALWAYS_SEARCH_USER_PATHS = NO;
				ASSETCATALOG_COMPILER_GENERATE_SWIFT_ASSET_SYMBOL_EXTENSIONS = YES;
				CLANG_ANALYZER_NONNULL = YES;
				CLANG_ANALYZER_NUMBER_OBJECT_CONVERSION = YES_AGGRESSIVE;
				CLANG_CXX_LANGUAGE_STANDARD = "gnu++20";
				CLANG_ENABLE_MODULES = YES;
				CLANG_ENABLE_OBJC_ARC = YES;
				CLANG_ENABLE_OBJC_WEAK = YES;
				CLANG_WARN_BLOCK_CAPTURE_AUTORELEASING = YES;
				CLANG_WARN_BOOL_CONVERSION = YES;
				CLANG_WARN_COMMA = YES;
				CLANG_WARN_CONSTANT_CONVERSION = YES;
				CLANG_WARN_DEPRECATED_OBJC_IMPLEMENTATIONS = YES;
				CLANG_WARN_DIRECT_OBJC_ISA_USAGE = YES_ERROR;
				CLANG_WARN_DOCUMENTATION_COMMENTS = YES;
				CLANG_WARN_EMPTY_BODY = YES;
				CLANG_WARN_ENUM_CONVERSION = YES;
				CLANG_WARN_INFINITE_RECURSION = YES;
				CLANG_WARN_INT_CONVERSION = YES;
				CLANG_WARN_NON_LITERAL_NULL_CONVERSION = YES;
				CLANG_WARN_OBJC_IMPLICIT_RETAIN_SELF = YES;
				CLANG_WARN_OBJC_LITERAL_CONVERSION = YES;
				CLANG_WARN_OBJC_ROOT_CLASS = YES_ERROR;
				CLANG_WARN_QUOTED_INCLUDE_IN_FRAMEWORK_HEADER = YES;
				CLANG_WARN_RANGE_LOOP_ANALYSIS = YES;
				CLANG_WARN_STRICT_PROTOTYPES = YES;
				CLANG_WARN_SUSPICIOUS_MOVE = YES;
				CLANG_WARN_UNGUARDED_AVAILABILITY = YES_AGGRESSIVE;
				CLANG_WARN_UNREACHABLE_CODE = YES;
				CLANG_WARN__DUPLICATE_METHOD_MATCH = YES;
				COPY_PHASE_STRIP = NO;
				DEBUG_INFORMATION_FORMAT = "dwarf-with-dsym";
				ENABLE_NS_ASSERTIONS = NO;
				ENABLE_STRICT_OBJC_MSGSEND = YES;
				ENABLE_USER_SCRIPT_SANDBOXING = YES;
				GCC_C_LANGUAGE_STANDARD = gnu17;
				GCC_NO_COMMON_BLOCKS = YES;
				GCC_WARN_64_TO_32_BIT_CONVERSION = YES;
				GCC_WARN_ABOUT_RETURN_TYPE = YES_ERROR;
				GCC_WARN_UNDECLARED_SELECTOR = YES;
				GCC_WARN_UNINITIALIZED_AUTOS = YES_AGGRESSIVE;
				GCC_WARN_UNUSED_FUNCTION = YES;
				GCC_WARN_UNUSED_VARIABLE = YES;
				IPHONEOS_DEPLOYMENT_TARGET = 17.5;
				LOCALIZATION_PREFERS_STRING_CATALOGS = YES;
				MTL_ENABLE_DEBUG_INFO = NO;
				MTL_FAST_MATH = YES;
				SDKROOT = iphoneos;
				SWIFT_COMPILATION_MODE = wholemodule;
				VALIDATE_PRODUCT = YES;
			};
			name = Release;
		};
		D98C55682C6B50800078A80E /* Debug */ = {
			isa = XCBuildConfiguration;
			buildSettings = {
				ASSETCATALOG_COMPILER_APPICON_NAME = AppIcon;
				ASSETCATALOG_COMPILER_GLOBAL_ACCENT_COLOR_NAME = AccentColor;
				CODE_SIGN_STYLE = Automatic;
				CURRENT_PROJECT_VERSION = 1;
				DEVELOPMENT_ASSET_PATHS = "\"RingSizeMeasurement/Preview Content\"";
				DEVELOPMENT_TEAM = 7WN4BA2YG3;
				ENABLE_PREVIEWS = YES;
				GENERATE_INFOPLIST_FILE = YES;
				INFOPLIST_KEY_UIApplicationSceneManifest_Generation = YES;
				INFOPLIST_KEY_UIApplicationSupportsIndirectInputEvents = YES;
				INFOPLIST_KEY_UILaunchScreen_Generation = YES;
				INFOPLIST_KEY_UISupportedInterfaceOrientations_iPad = "UIInterfaceOrientationPortrait UIInterfaceOrientationPortraitUpsideDown UIInterfaceOrientationLandscapeLeft UIInterfaceOrientationLandscapeRight";
				INFOPLIST_KEY_UISupportedInterfaceOrientations_iPhone = "UIInterfaceOrientationPortrait UIInterfaceOrientationLandscapeLeft UIInterfaceOrientationLandscapeRight";
				LD_RUNPATH_SEARCH_PATHS = (
					"$(inherited)",
					"@executable_path/Frameworks",
				);
				MARKETING_VERSION = 1.0;
				PRODUCT_BUNDLE_IDENTIFIER = com.zmey666.RingSizeMeasurement;
				PRODUCT_NAME = "$(TARGET_NAME)";
				SWIFT_EMIT_LOC_STRINGS = YES;
				SWIFT_VERSION = 5.0;
				TARGETED_DEVICE_FAMILY = "1,2";
			};
			name = Debug;
		};
		D98C55692C6B50800078A80E /* Release */ = {
			isa = XCBuildConfiguration;
			buildSettings = {
				ASSETCATALOG_COMPILER_APPICON_NAME = AppIcon;
				ASSETCATALOG_COMPILER_GLOBAL_ACCENT_COLOR_NAME = AccentColor;
				CODE_SIGN_STYLE = Automatic;
				CURRENT_PROJECT_VERSION = 1;
				DEVELOPMENT_ASSET_PATHS = "\"RingSizeMeasurement/Preview Content\"";
				DEVELOPMENT_TEAM = 7WN4BA2YG3;
				ENABLE_PREVIEWS = YES;
				GENERATE_INFOPLIST_FILE = YES;
				INFOPLIST_KEY_UIApplicationSceneManifest_Generation = YES;
				INFOPLIST_KEY_UIApplicationSupportsIndirectInputEvents = YES;
				INFOPLIST_KEY_UILaunchScreen_Generation = YES;
				INFOPLIST_KEY_UISupportedInterfaceOrientations_iPad = "UIInterfaceOrientationPortrait UIInterfaceOrientationPortraitUpsideDown UIInterfaceOrientationLandscapeLeft UIInterfaceOrientationLandscapeRight";
				INFOPLIST_KEY_UISupportedInterfaceOrientations_iPhone = "UIInterfaceOrientationPortrait UIInterfaceOrientationLandscapeLeft UIInterfaceOrientationLandscapeRight";
				LD_RUNPATH_SEARCH_PATHS = (
					"$(inherited)",
					"@executable_path/Frameworks",
				);
				MARKETING_VERSION = 1.0;
				PRODUCT_BUNDLE_IDENTIFIER = com.zmey666.RingSizeMeasurement;
				PRODUCT_NAME = "$(TARGET_NAME)";
				SWIFT_EMIT_LOC_STRINGS = YES;
				SWIFT_VERSION = 5.0;
				TARGETED_DEVICE_FAMILY = "1,2";
			};
			name = Release;
		};
/* End XCBuildConfiguration section */

/* Begin XCConfigurationList section */
		D98C55542C6B507F0078A80E /* Build configuration list for PBXProject "RingSizeMeasurement" */ = {
			isa = XCConfigurationList;
			buildConfigurations = (
				D98C55652C6B50800078A80E /* Debug */,
				D98C55662C6B50800078A80E /* Release */,
			);
			defaultConfigurationIsVisible = 0;
			defaultConfigurationName = Release;
		};
		D98C55672C6B50800078A80E /* Build configuration list for PBXNativeTarget "RingSizeMeasurement" */ = {
			isa = XCConfigurationList;
			buildConfigurations = (
				D98C55682C6B50800078A80E /* Debug */,
				D98C55692C6B50800078A80E /* Release */,
			);
			defaultConfigurationIsVisible = 0;
			defaultConfigurationName = Release;
		};
/* End XCConfigurationList section */
	};
	rootObject = D98C55512C6B507F0078A80E /* Project object */;
}
